// !$*UTF8*$!
{
	archiveVersion = 1;
	classes = {
	};
	objectVersion = 51;
	objects = {

/* Begin PBXBuildFile section */
		665B3F3626574A6300A22671 /* APIClient.swift in Sources */ = {isa = PBXBuildFile; fileRef = 665B3F2C26574A6300A22671 /* APIClient.swift */; };
		665B3F3726574A6300A22671 /* ProductAPI.swift in Sources */ = {isa = PBXBuildFile; fileRef = 665B3F2E26574A6300A22671 /* ProductAPI.swift */; };
		665B3F3826574A6300A22671 /* Product.swift in Sources */ = {isa = PBXBuildFile; fileRef = 665B3F3026574A6300A22671 /* Product.swift */; };
		665B3F3926574A6300A22671 /* ErrorModel.swift in Sources */ = {isa = PBXBuildFile; fileRef = 665B3F3126574A6300A22671 /* ErrorModel.swift */; };
		665B3F3A26574A6300A22671 /* TargetType.swift in Sources */ = {isa = PBXBuildFile; fileRef = 665B3F3326574A6300A22671 /* TargetType.swift */; };
		665B3F3B26574A6300A22671 /* APIManager.swift in Sources */ = {isa = PBXBuildFile; fileRef = 665B3F3526574A6300A22671 /* APIManager.swift */; };
		6678D9D72654EEB2006E09D3 /* NumberViewController.swift in Sources */ = {isa = PBXBuildFile; fileRef = 6678D9D62654EEB2006E09D3 /* NumberViewController.swift */; };
		6678D9D92654EED8006E09D3 /* Number.storyboard in Resources */ = {isa = PBXBuildFile; fileRef = 6678D9D82654EED8006E09D3 /* Number.storyboard */; };
		6678D9DC2654FC35006E09D3 /* VerificationViewController.swift in Sources */ = {isa = PBXBuildFile; fileRef = 6678D9DB2654FC35006E09D3 /* VerificationViewController.swift */; };
		6678D9DE2654FC40006E09D3 /* Verification.storyboard in Resources */ = {isa = PBXBuildFile; fileRef = 6678D9DD2654FC40006E09D3 /* Verification.storyboard */; };
		6678D9E0265500D5006E09D3 /* GoogleService-Info.plist in Resources */ = {isa = PBXBuildFile; fileRef = 6678D9DF265500D5006E09D3 /* GoogleService-Info.plist */; };
		6678D9E3265602B3006E09D3 /* UIViewController+Extention.swift in Sources */ = {isa = PBXBuildFile; fileRef = 6678D9E2265602B3006E09D3 /* UIViewController+Extention.swift */; };
		6678D9E626561CE0006E09D3 /* SignUpViewController.swift in Sources */ = {isa = PBXBuildFile; fileRef = 6678D9E526561CE0006E09D3 /* SignUpViewController.swift */; };
		6678D9E826561CF0006E09D3 /* SignUp.storyboard in Resources */ = {isa = PBXBuildFile; fileRef = 6678D9E726561CF0006E09D3 /* SignUp.storyboard */; };
		6678D9EB26561DD4006E09D3 /* CustomView.swift in Sources */ = {isa = PBXBuildFile; fileRef = 6678D9EA26561DD4006E09D3 /* CustomView.swift */; };
		6678D9ED26561DE5006E09D3 /* CustomView.xib in Resources */ = {isa = PBXBuildFile; fileRef = 6678D9EC26561DE5006E09D3 /* CustomView.xib */; };
		66E5769D2652597E00C767AB /* AppDelegate.swift in Sources */ = {isa = PBXBuildFile; fileRef = 66E5769C2652597E00C767AB /* AppDelegate.swift */; };
		66E5769F2652597E00C767AB /* SceneDelegate.swift in Sources */ = {isa = PBXBuildFile; fileRef = 66E5769E2652597E00C767AB /* SceneDelegate.swift */; };
		66E576A62652598000C767AB /* Assets.xcassets in Resources */ = {isa = PBXBuildFile; fileRef = 66E576A52652598000C767AB /* Assets.xcassets */; };
		66E576A92652598000C767AB /* LaunchScreen.storyboard in Resources */ = {isa = PBXBuildFile; fileRef = 66E576A72652598000C767AB /* LaunchScreen.storyboard */; };
		66E576BA26525D1600C767AB /* OnboardingViewController.swift in Sources */ = {isa = PBXBuildFile; fileRef = 66E576B926525D1600C767AB /* OnboardingViewController.swift */; };
		66E576BC26525D2C00C767AB /* Onboarding.storyboard in Resources */ = {isa = PBXBuildFile; fileRef = 66E576BB26525D2C00C767AB /* Onboarding.storyboard */; };
		66E576BF2652657300C767AB /* HomeViewController.swift in Sources */ = {isa = PBXBuildFile; fileRef = 66E576BE2652657300C767AB /* HomeViewController.swift */; };
		66E576C12652657F00C767AB /* Home.storyboard in Resources */ = {isa = PBXBuildFile; fileRef = 66E576C02652657F00C767AB /* Home.storyboard */; };
		66E576C726526EE300C767AB /* HomeViewModel.swift in Sources */ = {isa = PBXBuildFile; fileRef = 66E576C626526EE300C767AB /* HomeViewModel.swift */; };
		66E576C92652708900C767AB /* UITableView+Extention.swift in Sources */ = {isa = PBXBuildFile; fileRef = 66E576C82652708900C767AB /* UITableView+Extention.swift */; };
		66E576CB2652744A00C767AB /* ClassName+Extention.swift in Sources */ = {isa = PBXBuildFile; fileRef = 66E576CA2652744A00C767AB /* ClassName+Extention.swift */; };
		66E576CD265274A600C767AB /* UICollectionView+Extention.swift in Sources */ = {isa = PBXBuildFile; fileRef = 66E576CC265274A600C767AB /* UICollectionView+Extention.swift */; };
		66E576D32652787800C767AB /* UIImageView+Extention.swift in Sources */ = {isa = PBXBuildFile; fileRef = 66E576D22652787800C767AB /* UIImageView+Extention.swift */; };
		66E576E026535C7300C767AB /* SlideCollectionViewCell.swift in Sources */ = {isa = PBXBuildFile; fileRef = 66E576DE26535C7300C767AB /* SlideCollectionViewCell.swift */; };
		66E576E126535C7300C767AB /* SlideCollectionViewCell.xib in Resources */ = {isa = PBXBuildFile; fileRef = 66E576DF26535C7300C767AB /* SlideCollectionViewCell.xib */; };
		66E576E426536E5F00C767AB /* TestCollectionViewCell.swift in Sources */ = {isa = PBXBuildFile; fileRef = 66E576E226536E5F00C767AB /* TestCollectionViewCell.swift */; };
		66E576E526536E5F00C767AB /* TestCollectionViewCell.xib in Resources */ = {isa = PBXBuildFile; fileRef = 66E576E326536E5F00C767AB /* TestCollectionViewCell.xib */; };
		66E576FB2653AC2600C767AB /* DetailViewController.swift in Sources */ = {isa = PBXBuildFile; fileRef = 66E576FA2653AC2600C767AB /* DetailViewController.swift */; };
		66E576FD2653AC3900C767AB /* Detail.storyboard in Resources */ = {isa = PBXBuildFile; fileRef = 66E576FC2653AC3900C767AB /* Detail.storyboard */; };
		6DF63C80001CF143D85D8A8B /* Pods_eShopApp.framework in Frameworks */ = {isa = PBXBuildFile; fileRef = 58822FA8CED77AEA95868D70 /* Pods_eShopApp.framework */; };
/* End PBXBuildFile section */

/* Begin PBXFileReference section */
		093D8159D3EFCD5E0895355F /* Pods-eShopApp.release.xcconfig */ = {isa = PBXFileReference; includeInIndex = 1; lastKnownFileType = text.xcconfig; name = "Pods-eShopApp.release.xcconfig"; path = "Target Support Files/Pods-eShopApp/Pods-eShopApp.release.xcconfig"; sourceTree = "<group>"; };
		161988C061831B299D8BAD95 /* Pods-eShopApp.debug.xcconfig */ = {isa = PBXFileReference; includeInIndex = 1; lastKnownFileType = text.xcconfig; name = "Pods-eShopApp.debug.xcconfig"; path = "Target Support Files/Pods-eShopApp/Pods-eShopApp.debug.xcconfig"; sourceTree = "<group>"; };
		58822FA8CED77AEA95868D70 /* Pods_eShopApp.framework */ = {isa = PBXFileReference; explicitFileType = wrapper.framework; includeInIndex = 0; path = Pods_eShopApp.framework; sourceTree = BUILT_PRODUCTS_DIR; };
		665B3F2C26574A6300A22671 /* APIClient.swift */ = {isa = PBXFileReference; fileEncoding = 4; lastKnownFileType = sourcecode.swift; path = APIClient.swift; sourceTree = "<group>"; };
		665B3F2E26574A6300A22671 /* ProductAPI.swift */ = {isa = PBXFileReference; fileEncoding = 4; lastKnownFileType = sourcecode.swift; path = ProductAPI.swift; sourceTree = "<group>"; };
		665B3F3026574A6300A22671 /* Product.swift */ = {isa = PBXFileReference; fileEncoding = 4; lastKnownFileType = sourcecode.swift; path = Product.swift; sourceTree = "<group>"; };
		665B3F3126574A6300A22671 /* ErrorModel.swift */ = {isa = PBXFileReference; fileEncoding = 4; lastKnownFileType = sourcecode.swift; path = ErrorModel.swift; sourceTree = "<group>"; };
		665B3F3326574A6300A22671 /* TargetType.swift */ = {isa = PBXFileReference; fileEncoding = 4; lastKnownFileType = sourcecode.swift; path = TargetType.swift; sourceTree = "<group>"; };
		665B3F3526574A6300A22671 /* APIManager.swift */ = {isa = PBXFileReference; fileEncoding = 4; lastKnownFileType = sourcecode.swift; path = APIManager.swift; sourceTree = "<group>"; };
		6678D9D62654EEB2006E09D3 /* NumberViewController.swift */ = {isa = PBXFileReference; lastKnownFileType = sourcecode.swift; path = NumberViewController.swift; sourceTree = "<group>"; };
		6678D9D82654EED8006E09D3 /* Number.storyboard */ = {isa = PBXFileReference; lastKnownFileType = file.storyboard; path = Number.storyboard; sourceTree = "<group>"; };
		6678D9DB2654FC35006E09D3 /* VerificationViewController.swift */ = {isa = PBXFileReference; lastKnownFileType = sourcecode.swift; path = VerificationViewController.swift; sourceTree = "<group>"; };
		6678D9DD2654FC40006E09D3 /* Verification.storyboard */ = {isa = PBXFileReference; lastKnownFileType = file.storyboard; path = Verification.storyboard; sourceTree = "<group>"; };
		6678D9DF265500D5006E09D3 /* GoogleService-Info.plist */ = {isa = PBXFileReference; fileEncoding = 4; lastKnownFileType = text.plist.xml; path = "GoogleService-Info.plist"; sourceTree = "<group>"; };
		6678D9E2265602B3006E09D3 /* UIViewController+Extention.swift */ = {isa = PBXFileReference; lastKnownFileType = sourcecode.swift; path = "UIViewController+Extention.swift"; sourceTree = "<group>"; };
		6678D9E526561CE0006E09D3 /* SignUpViewController.swift */ = {isa = PBXFileReference; lastKnownFileType = sourcecode.swift; path = SignUpViewController.swift; sourceTree = "<group>"; };
		6678D9E726561CF0006E09D3 /* SignUp.storyboard */ = {isa = PBXFileReference; lastKnownFileType = file.storyboard; path = SignUp.storyboard; sourceTree = "<group>"; };
		6678D9EA26561DD4006E09D3 /* CustomView.swift */ = {isa = PBXFileReference; lastKnownFileType = sourcecode.swift; path = CustomView.swift; sourceTree = "<group>"; };
		6678D9EC26561DE5006E09D3 /* CustomView.xib */ = {isa = PBXFileReference; lastKnownFileType = file.xib; path = CustomView.xib; sourceTree = "<group>"; };
		66E576992652597E00C767AB /* eShopApp.app */ = {isa = PBXFileReference; explicitFileType = wrapper.application; includeInIndex = 0; path = eShopApp.app; sourceTree = BUILT_PRODUCTS_DIR; };
		66E5769C2652597E00C767AB /* AppDelegate.swift */ = {isa = PBXFileReference; lastKnownFileType = sourcecode.swift; path = AppDelegate.swift; sourceTree = "<group>"; };
		66E5769E2652597E00C767AB /* SceneDelegate.swift */ = {isa = PBXFileReference; lastKnownFileType = sourcecode.swift; path = SceneDelegate.swift; sourceTree = "<group>"; };
		66E576A52652598000C767AB /* Assets.xcassets */ = {isa = PBXFileReference; lastKnownFileType = folder.assetcatalog; path = Assets.xcassets; sourceTree = "<group>"; };
		66E576A82652598000C767AB /* Base */ = {isa = PBXFileReference; lastKnownFileType = file.storyboard; name = Base; path = Base.lproj/LaunchScreen.storyboard; sourceTree = "<group>"; };
		66E576AA2652598000C767AB /* Info.plist */ = {isa = PBXFileReference; lastKnownFileType = text.plist.xml; path = Info.plist; sourceTree = "<group>"; };
		66E576B926525D1600C767AB /* OnboardingViewController.swift */ = {isa = PBXFileReference; lastKnownFileType = sourcecode.swift; path = OnboardingViewController.swift; sourceTree = "<group>"; };
		66E576BB26525D2C00C767AB /* Onboarding.storyboard */ = {isa = PBXFileReference; lastKnownFileType = file.storyboard; path = Onboarding.storyboard; sourceTree = "<group>"; };
		66E576BE2652657300C767AB /* HomeViewController.swift */ = {isa = PBXFileReference; lastKnownFileType = sourcecode.swift; path = HomeViewController.swift; sourceTree = "<group>"; };
		66E576C02652657F00C767AB /* Home.storyboard */ = {isa = PBXFileReference; lastKnownFileType = file.storyboard; path = Home.storyboard; sourceTree = "<group>"; };
		66E576C626526EE300C767AB /* HomeViewModel.swift */ = {isa = PBXFileReference; lastKnownFileType = sourcecode.swift; path = HomeViewModel.swift; sourceTree = "<group>"; };
		66E576C82652708900C767AB /* UITableView+Extention.swift */ = {isa = PBXFileReference; lastKnownFileType = sourcecode.swift; path = "UITableView+Extention.swift"; sourceTree = "<group>"; };
		66E576CA2652744A00C767AB /* ClassName+Extention.swift */ = {isa = PBXFileReference; lastKnownFileType = sourcecode.swift; path = "ClassName+Extention.swift"; sourceTree = "<group>"; };
		66E576CC265274A600C767AB /* UICollectionView+Extention.swift */ = {isa = PBXFileReference; lastKnownFileType = sourcecode.swift; path = "UICollectionView+Extention.swift"; sourceTree = "<group>"; };
		66E576D22652787800C767AB /* UIImageView+Extention.swift */ = {isa = PBXFileReference; lastKnownFileType = sourcecode.swift; path = "UIImageView+Extention.swift"; sourceTree = "<group>"; };
		66E576DE26535C7300C767AB /* SlideCollectionViewCell.swift */ = {isa = PBXFileReference; lastKnownFileType = sourcecode.swift; path = SlideCollectionViewCell.swift; sourceTree = "<group>"; };
		66E576DF26535C7300C767AB /* SlideCollectionViewCell.xib */ = {isa = PBXFileReference; lastKnownFileType = file.xib; path = SlideCollectionViewCell.xib; sourceTree = "<group>"; };
		66E576E226536E5F00C767AB /* TestCollectionViewCell.swift */ = {isa = PBXFileReference; lastKnownFileType = sourcecode.swift; path = TestCollectionViewCell.swift; sourceTree = "<group>"; };
		66E576E326536E5F00C767AB /* TestCollectionViewCell.xib */ = {isa = PBXFileReference; lastKnownFileType = file.xib; path = TestCollectionViewCell.xib; sourceTree = "<group>"; };
		66E576FA2653AC2600C767AB /* DetailViewController.swift */ = {isa = PBXFileReference; lastKnownFileType = sourcecode.swift; path = DetailViewController.swift; sourceTree = "<group>"; };
		66E576FC2653AC3900C767AB /* Detail.storyboard */ = {isa = PBXFileReference; lastKnownFileType = file.storyboard; path = Detail.storyboard; sourceTree = "<group>"; };
/* End PBXFileReference section */

/* Begin PBXFrameworksBuildPhase section */
		66E576962652597E00C767AB /* Frameworks */ = {
			isa = PBXFrameworksBuildPhase;
			buildActionMask = 2147483647;
			files = (
				6DF63C80001CF143D85D8A8B /* Pods_eShopApp.framework in Frameworks */,
			);
			runOnlyForDeploymentPostprocessing = 0;
		};
/* End PBXFrameworksBuildPhase section */

/* Begin PBXGroup section */
		2E7C69998545E08A3963954A /* Frameworks */ = {
			isa = PBXGroup;
			children = (
				58822FA8CED77AEA95868D70 /* Pods_eShopApp.framework */,
			);
			name = Frameworks;
			sourceTree = "<group>";
		};
		665B3F2A26574A6300A22671 /* Networking */ = {
			isa = PBXGroup;
			children = (
				665B3F2B26574A6300A22671 /* APIClient */,
				665B3F2D26574A6300A22671 /* EndPoint */,
				665B3F2F26574A6300A22671 /* Model */,
				665B3F3226574A6300A22671 /* Service */,
				665B3F3426574A6300A22671 /* ServiceManager */,
			);
			path = Networking;
			sourceTree = "<group>";
		};
		665B3F2B26574A6300A22671 /* APIClient */ = {
			isa = PBXGroup;
			children = (
				665B3F2C26574A6300A22671 /* APIClient.swift */,
			);
			path = APIClient;
			sourceTree = "<group>";
		};
		665B3F2D26574A6300A22671 /* EndPoint */ = {
			isa = PBXGroup;
			children = (
				665B3F2E26574A6300A22671 /* ProductAPI.swift */,
			);
			path = EndPoint;
			sourceTree = "<group>";
		};
		665B3F2F26574A6300A22671 /* Model */ = {
			isa = PBXGroup;
			children = (
				665B3F3026574A6300A22671 /* Product.swift */,
				665B3F3126574A6300A22671 /* ErrorModel.swift */,
			);
			path = Model;
			sourceTree = "<group>";
		};
		665B3F3226574A6300A22671 /* Service */ = {
			isa = PBXGroup;
			children = (
				665B3F3326574A6300A22671 /* TargetType.swift */,
			);
			path = Service;
			sourceTree = "<group>";
		};
		665B3F3426574A6300A22671 /* ServiceManager */ = {
			isa = PBXGroup;
			children = (
				665B3F3526574A6300A22671 /* APIManager.swift */,
			);
			path = ServiceManager;
			sourceTree = "<group>";
		};
		6678D9D52654EE7B006E09D3 /* NumberScreen */ = {
			isa = PBXGroup;
			children = (
				6678D9D62654EEB2006E09D3 /* NumberViewController.swift */,
				6678D9D82654EED8006E09D3 /* Number.storyboard */,
			);
			path = NumberScreen;
			sourceTree = "<group>";
		};
		6678D9DA2654FBF2006E09D3 /* VerificationScreen */ = {
			isa = PBXGroup;
			children = (
				6678D9DB2654FC35006E09D3 /* VerificationViewController.swift */,
				6678D9DD2654FC40006E09D3 /* Verification.storyboard */,
			);
			path = VerificationScreen;
			sourceTree = "<group>";
		};
		6678D9E12655FED8006E09D3 /* Parts */ = {
			isa = PBXGroup;
			children = (
				66E576D626534DD700C767AB /* TestCollectionViewCell */,
			);
			path = Parts;
			sourceTree = "<group>";
		};
		6678D9E426561C98006E09D3 /* SignUpScreen */ = {
			isa = PBXGroup;
			children = (
				6678D9E526561CE0006E09D3 /* SignUpViewController.swift */,
				6678D9E726561CF0006E09D3 /* SignUp.storyboard */,
			);
			path = SignUpScreen;
			sourceTree = "<group>";
		};
		6678D9E926561D63006E09D3 /* CustomView */ = {
			isa = PBXGroup;
			children = (
				6678D9EA26561DD4006E09D3 /* CustomView.swift */,
				6678D9EC26561DE5006E09D3 /* CustomView.xib */,
			);
			path = CustomView;
			sourceTree = "<group>";
		};
		66E576902652597E00C767AB = {
			isa = PBXGroup;
			children = (
				66E5769B2652597E00C767AB /* eShopApp */,
				66E5769A2652597E00C767AB /* Products */,
				733CD55B1D1860FFBE23038D /* Pods */,
				2E7C69998545E08A3963954A /* Frameworks */,
			);
			sourceTree = "<group>";
		};
		66E5769A2652597E00C767AB /* Products */ = {
			isa = PBXGroup;
			children = (
				66E576992652597E00C767AB /* eShopApp.app */,
			);
			name = Products;
			sourceTree = "<group>";
		};
		66E5769B2652597E00C767AB /* eShopApp */ = {
			isa = PBXGroup;
			children = (
				66E576B226525A8400C767AB /* Screen */,
				66E576B126525A7600C767AB /* Extention */,
				66E576B026525A7000C767AB /* Data */,
				66E5769C2652597E00C767AB /* AppDelegate.swift */,
				66E5769E2652597E00C767AB /* SceneDelegate.swift */,
				66E576A52652598000C767AB /* Assets.xcassets */,
				66E576A72652598000C767AB /* LaunchScreen.storyboard */,
				66E576AA2652598000C767AB /* Info.plist */,
			);
			path = eShopApp;
			sourceTree = "<group>";
		};
		66E576B026525A7000C767AB /* Data */ = {
			isa = PBXGroup;
			children = (
				665B3F2A26574A6300A22671 /* Networking */,
				6678D9DF265500D5006E09D3 /* GoogleService-Info.plist */,
			);
			path = Data;
			sourceTree = "<group>";
		};
		66E576B126525A7600C767AB /* Extention */ = {
			isa = PBXGroup;
			children = (
				66E576C82652708900C767AB /* UITableView+Extention.swift */,
				66E576CA2652744A00C767AB /* ClassName+Extention.swift */,
				66E576CC265274A600C767AB /* UICollectionView+Extention.swift */,
				66E576D22652787800C767AB /* UIImageView+Extention.swift */,
				6678D9E2265602B3006E09D3 /* UIViewController+Extention.swift */,
			);
			path = Extention;
			sourceTree = "<group>";
		};
		66E576B226525A8400C767AB /* Screen */ = {
			isa = PBXGroup;
			children = (
				6678D9E926561D63006E09D3 /* CustomView */,
				6678D9E12655FED8006E09D3 /* Parts */,
				6678D9E426561C98006E09D3 /* SignUpScreen */,
				6678D9DA2654FBF2006E09D3 /* VerificationScreen */,
				6678D9D52654EE7B006E09D3 /* NumberScreen */,
				66E576F92653ABBA00C767AB /* DetailScreen */,
				66E576BD2652654B00C767AB /* HomeScreen */,
				66E576B826525CC500C767AB /* OnboardingScreen */,
			);
			path = Screen;
			sourceTree = "<group>";
		};
		66E576B826525CC500C767AB /* OnboardingScreen */ = {
			isa = PBXGroup;
			children = (
				66E576B926525D1600C767AB /* OnboardingViewController.swift */,
				66E576BB26525D2C00C767AB /* Onboarding.storyboard */,
			);
			path = OnboardingScreen;
			sourceTree = "<group>";
		};
		66E576BD2652654B00C767AB /* HomeScreen */ = {
			isa = PBXGroup;
			children = (
				66E576C526526EB300C767AB /* ViewModel */,
				66E576C2265268E200C767AB /* Parts */,
				66E576BE2652657300C767AB /* HomeViewController.swift */,
				66E576C02652657F00C767AB /* Home.storyboard */,
			);
			path = HomeScreen;
			sourceTree = "<group>";
		};
		66E576C2265268E200C767AB /* Parts */ = {
			isa = PBXGroup;
			children = (
				66E576DD26535BEF00C767AB /* slideCell */,
			);
			path = Parts;
			sourceTree = "<group>";
		};
		66E576C526526EB300C767AB /* ViewModel */ = {
			isa = PBXGroup;
			children = (
				66E576C626526EE300C767AB /* HomeViewModel.swift */,
			);
			path = ViewModel;
			sourceTree = "<group>";
		};
		66E576D626534DD700C767AB /* TestCollectionViewCell */ = {
			isa = PBXGroup;
			children = (
				66E576E226536E5F00C767AB /* TestCollectionViewCell.swift */,
				66E576E326536E5F00C767AB /* TestCollectionViewCell.xib */,
			);
			path = TestCollectionViewCell;
			sourceTree = "<group>";
		};
		66E576DD26535BEF00C767AB /* slideCell */ = {
			isa = PBXGroup;
			children = (
				66E576DE26535C7300C767AB /* SlideCollectionViewCell.swift */,
				66E576DF26535C7300C767AB /* SlideCollectionViewCell.xib */,
			);
			path = slideCell;
			sourceTree = "<group>";
		};
		66E576F92653ABBA00C767AB /* DetailScreen */ = {
			isa = PBXGroup;
			children = (
				66E576FA2653AC2600C767AB /* DetailViewController.swift */,
				66E576FC2653AC3900C767AB /* Detail.storyboard */,
			);
			path = DetailScreen;
			sourceTree = "<group>";
		};
		733CD55B1D1860FFBE23038D /* Pods */ = {
			isa = PBXGroup;
			children = (
				161988C061831B299D8BAD95 /* Pods-eShopApp.debug.xcconfig */,
				093D8159D3EFCD5E0895355F /* Pods-eShopApp.release.xcconfig */,
			);
			path = Pods;
			sourceTree = "<group>";
		};
/* End PBXGroup section */

/* Begin PBXNativeTarget section */
		66E576982652597E00C767AB /* eShopApp */ = {
			isa = PBXNativeTarget;
			buildConfigurationList = 66E576AD2652598000C767AB /* Build configuration list for PBXNativeTarget "eShopApp" */;
			buildPhases = (
				0704622FE35543E3BC0B81B2 /* [CP] Check Pods Manifest.lock */,
				66E576952652597E00C767AB /* Sources */,
				66E576962652597E00C767AB /* Frameworks */,
				66E576972652597E00C767AB /* Resources */,
				BF9C3B5C11E46C42857B2DBE /* [CP] Embed Pods Frameworks */,
			);
			buildRules = (
			);
			dependencies = (
			);
			name = eShopApp;
			productName = eShopApp;
			productReference = 66E576992652597E00C767AB /* eShopApp.app */;
			productType = "com.apple.product-type.application";
		};
/* End PBXNativeTarget section */

/* Begin PBXProject section */
		66E576912652597E00C767AB /* Project object */ = {
			isa = PBXProject;
			attributes = {
				LastSwiftUpdateCheck = 1250;
				LastUpgradeCheck = 1250;
				TargetAttributes = {
					66E576982652597E00C767AB = {
						CreatedOnToolsVersion = 12.5;
					};
				};
			};
			buildConfigurationList = 66E576942652597E00C767AB /* Build configuration list for PBXProject "eShopApp" */;
			compatibilityVersion = "Xcode 9.3";
			developmentRegion = en;
			hasScannedForEncodings = 0;
			knownRegions = (
				en,
				Base,
			);
			mainGroup = 66E576902652597E00C767AB;
			productRefGroup = 66E5769A2652597E00C767AB /* Products */;
			projectDirPath = "";
			projectRoot = "";
			targets = (
				66E576982652597E00C767AB /* eShopApp */,
			);
		};
/* End PBXProject section */

/* Begin PBXResourcesBuildPhase section */
		66E576972652597E00C767AB /* Resources */ = {
			isa = PBXResourcesBuildPhase;
			buildActionMask = 2147483647;
			files = (
				66E576E526536E5F00C767AB /* TestCollectionViewCell.xib in Resources */,
				6678D9DE2654FC40006E09D3 /* Verification.storyboard in Resources */,
				6678D9E826561CF0006E09D3 /* SignUp.storyboard in Resources */,
				6678D9D92654EED8006E09D3 /* Number.storyboard in Resources */,
				6678D9ED26561DE5006E09D3 /* CustomView.xib in Resources */,
				66E576FD2653AC3900C767AB /* Detail.storyboard in Resources */,
				66E576A92652598000C767AB /* LaunchScreen.storyboard in Resources */,
				66E576C12652657F00C767AB /* Home.storyboard in Resources */,
				66E576A62652598000C767AB /* Assets.xcassets in Resources */,
				66E576BC26525D2C00C767AB /* Onboarding.storyboard in Resources */,
				6678D9E0265500D5006E09D3 /* GoogleService-Info.plist in Resources */,
				66E576E126535C7300C767AB /* SlideCollectionViewCell.xib in Resources */,
			);
			runOnlyForDeploymentPostprocessing = 0;
		};
/* End PBXResourcesBuildPhase section */

/* Begin PBXShellScriptBuildPhase section */
		0704622FE35543E3BC0B81B2 /* [CP] Check Pods Manifest.lock */ = {
			isa = PBXShellScriptBuildPhase;
			buildActionMask = 2147483647;
			files = (
			);
			inputFileListPaths = (
			);
			inputPaths = (
				"${PODS_PODFILE_DIR_PATH}/Podfile.lock",
				"${PODS_ROOT}/Manifest.lock",
			);
			name = "[CP] Check Pods Manifest.lock";
			outputFileListPaths = (
			);
			outputPaths = (
				"$(DERIVED_FILE_DIR)/Pods-eShopApp-checkManifestLockResult.txt",
			);
			runOnlyForDeploymentPostprocessing = 0;
			shellPath = /bin/sh;
			shellScript = "diff \"${PODS_PODFILE_DIR_PATH}/Podfile.lock\" \"${PODS_ROOT}/Manifest.lock\" > /dev/null\nif [ $? != 0 ] ; then\n    # print error to STDERR\n    echo \"error: The sandbox is not in sync with the Podfile.lock. Run 'pod install' or update your CocoaPods installation.\" >&2\n    exit 1\nfi\n# This output is used by Xcode 'outputs' to avoid re-running this script phase.\necho \"SUCCESS\" > \"${SCRIPT_OUTPUT_FILE_0}\"\n";
			showEnvVarsInLog = 0;
		};
		BF9C3B5C11E46C42857B2DBE /* [CP] Embed Pods Frameworks */ = {
			isa = PBXShellScriptBuildPhase;
			buildActionMask = 2147483647;
			files = (
			);
			inputFileListPaths = (
				"${PODS_ROOT}/Target Support Files/Pods-eShopApp/Pods-eShopApp-frameworks-${CONFIGURATION}-input-files.xcfilelist",
			);
			name = "[CP] Embed Pods Frameworks";
			outputFileListPaths = (
				"${PODS_ROOT}/Target Support Files/Pods-eShopApp/Pods-eShopApp-frameworks-${CONFIGURATION}-output-files.xcfilelist",
			);
			runOnlyForDeploymentPostprocessing = 0;
			shellPath = /bin/sh;
			shellScript = "\"${PODS_ROOT}/Target Support Files/Pods-eShopApp/Pods-eShopApp-frameworks.sh\"\n";
			showEnvVarsInLog = 0;
		};
/* End PBXShellScriptBuildPhase section */

/* Begin PBXSourcesBuildPhase section */
		66E576952652597E00C767AB /* Sources */ = {
			isa = PBXSourcesBuildPhase;
			buildActionMask = 2147483647;
			files = (
				665B3F3826574A6300A22671 /* Product.swift in Sources */,
				66E576BF2652657300C767AB /* HomeViewController.swift in Sources */,
				665B3F3626574A6300A22671 /* APIClient.swift in Sources */,
				66E576C726526EE300C767AB /* HomeViewModel.swift in Sources */,
				665B3F3B26574A6300A22671 /* APIManager.swift in Sources */,
				6678D9E3265602B3006E09D3 /* UIViewController+Extention.swift in Sources */,
				6678D9EB26561DD4006E09D3 /* CustomView.swift in Sources */,
				66E576C92652708900C767AB /* UITableView+Extention.swift in Sources */,
				665B3F3A26574A6300A22671 /* TargetType.swift in Sources */,
				66E576E026535C7300C767AB /* SlideCollectionViewCell.swift in Sources */,
				6678D9E626561CE0006E09D3 /* SignUpViewController.swift in Sources */,
				66E576D32652787800C767AB /* UIImageView+Extention.swift in Sources */,
				66E576E426536E5F00C767AB /* TestCollectionViewCell.swift in Sources */,
				66E576CD265274A600C767AB /* UICollectionView+Extention.swift in Sources */,
				665B3F3926574A6300A22671 /* ErrorModel.swift in Sources */,
				66E576CB2652744A00C767AB /* ClassName+Extention.swift in Sources */,
				66E5769D2652597E00C767AB /* AppDelegate.swift in Sources */,
				66E5769F2652597E00C767AB /* SceneDelegate.swift in Sources */,
				66E576BA26525D1600C767AB /* OnboardingViewController.swift in Sources */,
				665B3F3726574A6300A22671 /* ProductAPI.swift in Sources */,
				6678D9DC2654FC35006E09D3 /* VerificationViewController.swift in Sources */,
				66E576FB2653AC2600C767AB /* DetailViewController.swift in Sources */,
				6678D9D72654EEB2006E09D3 /* NumberViewController.swift in Sources */,
			);
			runOnlyForDeploymentPostprocessing = 0;
		};
/* End PBXSourcesBuildPhase section */

/* Begin PBXVariantGroup section */
		66E576A72652598000C767AB /* LaunchScreen.storyboard */ = {
			isa = PBXVariantGroup;
			children = (
				66E576A82652598000C767AB /* Base */,
			);
			name = LaunchScreen.storyboard;
			sourceTree = "<group>";
		};
/* End PBXVariantGroup section */

/* Begin XCBuildConfiguration section */
		66E576AB2652598000C767AB /* Debug */ = {
			isa = XCBuildConfiguration;
			buildSettings = {
				ALWAYS_SEARCH_USER_PATHS = NO;
				CLANG_ANALYZER_NONNULL = YES;
				CLANG_ANALYZER_NUMBER_OBJECT_CONVERSION = YES_AGGRESSIVE;
				CLANG_CXX_LANGUAGE_STANDARD = "gnu++14";
				CLANG_CXX_LIBRARY = "libc++";
				CLANG_ENABLE_MODULES = YES;
				CLANG_ENABLE_OBJC_ARC = YES;
				CLANG_ENABLE_OBJC_WEAK = YES;
				CLANG_WARN_BLOCK_CAPTURE_AUTORELEASING = YES;
				CLANG_WARN_BOOL_CONVERSION = YES;
				CLANG_WARN_COMMA = YES;
				CLANG_WARN_CONSTANT_CONVERSION = YES;
				CLANG_WARN_DEPRECATED_OBJC_IMPLEMENTATIONS = YES;
				CLANG_WARN_DIRECT_OBJC_ISA_USAGE = YES_ERROR;
				CLANG_WARN_DOCUMENTATION_COMMENTS = YES;
				CLANG_WARN_EMPTY_BODY = YES;
				CLANG_WARN_ENUM_CONVERSION = YES;
				CLANG_WARN_INFINITE_RECURSION = YES;
				CLANG_WARN_INT_CONVERSION = YES;
				CLANG_WARN_NON_LITERAL_NULL_CONVERSION = YES;
				CLANG_WARN_OBJC_IMPLICIT_RETAIN_SELF = YES;
				CLANG_WARN_OBJC_LITERAL_CONVERSION = YES;
				CLANG_WARN_OBJC_ROOT_CLASS = YES_ERROR;
				CLANG_WARN_QUOTED_INCLUDE_IN_FRAMEWORK_HEADER = YES;
				CLANG_WARN_RANGE_LOOP_ANALYSIS = YES;
				CLANG_WARN_STRICT_PROTOTYPES = YES;
				CLANG_WARN_SUSPICIOUS_MOVE = YES;
				CLANG_WARN_UNGUARDED_AVAILABILITY = YES_AGGRESSIVE;
				CLANG_WARN_UNREACHABLE_CODE = YES;
				CLANG_WARN__DUPLICATE_METHOD_MATCH = YES;
				COPY_PHASE_STRIP = NO;
				DEBUG_INFORMATION_FORMAT = dwarf;
				ENABLE_STRICT_OBJC_MSGSEND = YES;
				ENABLE_TESTABILITY = YES;
				GCC_C_LANGUAGE_STANDARD = gnu11;
				GCC_DYNAMIC_NO_PIC = NO;
				GCC_NO_COMMON_BLOCKS = YES;
				GCC_OPTIMIZATION_LEVEL = 0;
				GCC_PREPROCESSOR_DEFINITIONS = (
					"DEBUG=1",
					"$(inherited)",
				);
				GCC_WARN_64_TO_32_BIT_CONVERSION = YES;
				GCC_WARN_ABOUT_RETURN_TYPE = YES_ERROR;
				GCC_WARN_UNDECLARED_SELECTOR = YES;
				GCC_WARN_UNINITIALIZED_AUTOS = YES_AGGRESSIVE;
				GCC_WARN_UNUSED_FUNCTION = YES;
				GCC_WARN_UNUSED_VARIABLE = YES;
				IPHONEOS_DEPLOYMENT_TARGET = 14.5;
				MTL_ENABLE_DEBUG_INFO = INCLUDE_SOURCE;
				MTL_FAST_MATH = YES;
				ONLY_ACTIVE_ARCH = YES;
				SDKROOT = iphoneos;
				SWIFT_ACTIVE_COMPILATION_CONDITIONS = DEBUG;
				SWIFT_OPTIMIZATION_LEVEL = "-Onone";
			};
			name = Debug;
		};
		66E576AC2652598000C767AB /* Release */ = {
			isa = XCBuildConfiguration;
			buildSettings = {
				ALWAYS_SEARCH_USER_PATHS = NO;
				CLANG_ANALYZER_NONNULL = YES;
				CLANG_ANALYZER_NUMBER_OBJECT_CONVERSION = YES_AGGRESSIVE;
				CLANG_CXX_LANGUAGE_STANDARD = "gnu++14";
				CLANG_CXX_LIBRARY = "libc++";
				CLANG_ENABLE_MODULES = YES;
				CLANG_ENABLE_OBJC_ARC = YES;
				CLANG_ENABLE_OBJC_WEAK = YES;
				CLANG_WARN_BLOCK_CAPTURE_AUTORELEASING = YES;
				CLANG_WARN_BOOL_CONVERSION = YES;
				CLANG_WARN_COMMA = YES;
				CLANG_WARN_CONSTANT_CONVERSION = YES;
				CLANG_WARN_DEPRECATED_OBJC_IMPLEMENTATIONS = YES;
				CLANG_WARN_DIRECT_OBJC_ISA_USAGE = YES_ERROR;
				CLANG_WARN_DOCUMENTATION_COMMENTS = YES;
				CLANG_WARN_EMPTY_BODY = YES;
				CLANG_WARN_ENUM_CONVERSION = YES;
				CLANG_WARN_INFINITE_RECURSION = YES;
				CLANG_WARN_INT_CONVERSION = YES;
				CLANG_WARN_NON_LITERAL_NULL_CONVERSION = YES;
				CLANG_WARN_OBJC_IMPLICIT_RETAIN_SELF = YES;
				CLANG_WARN_OBJC_LITERAL_CONVERSION = YES;
				CLANG_WARN_OBJC_ROOT_CLASS = YES_ERROR;
				CLANG_WARN_QUOTED_INCLUDE_IN_FRAMEWORK_HEADER = YES;
				CLANG_WARN_RANGE_LOOP_ANALYSIS = YES;
				CLANG_WARN_STRICT_PROTOTYPES = YES;
				CLANG_WARN_SUSPICIOUS_MOVE = YES;
				CLANG_WARN_UNGUARDED_AVAILABILITY = YES_AGGRESSIVE;
				CLANG_WARN_UNREACHABLE_CODE = YES;
				CLANG_WARN__DUPLICATE_METHOD_MATCH = YES;
				COPY_PHASE_STRIP = NO;
				DEBUG_INFORMATION_FORMAT = "dwarf-with-dsym";
				ENABLE_NS_ASSERTIONS = NO;
				ENABLE_STRICT_OBJC_MSGSEND = YES;
				GCC_C_LANGUAGE_STANDARD = gnu11;
				GCC_NO_COMMON_BLOCKS = YES;
				GCC_WARN_64_TO_32_BIT_CONVERSION = YES;
				GCC_WARN_ABOUT_RETURN_TYPE = YES_ERROR;
				GCC_WARN_UNDECLARED_SELECTOR = YES;
				GCC_WARN_UNINITIALIZED_AUTOS = YES_AGGRESSIVE;
				GCC_WARN_UNUSED_FUNCTION = YES;
				GCC_WARN_UNUSED_VARIABLE = YES;
				IPHONEOS_DEPLOYMENT_TARGET = 14.5;
				MTL_ENABLE_DEBUG_INFO = NO;
				MTL_FAST_MATH = YES;
				SDKROOT = iphoneos;
				SWIFT_COMPILATION_MODE = wholemodule;
				SWIFT_OPTIMIZATION_LEVEL = "-O";
				VALIDATE_PRODUCT = YES;
			};
			name = Release;
		};
		66E576AE2652598000C767AB /* Debug */ = {
			isa = XCBuildConfiguration;
			baseConfigurationReference = 161988C061831B299D8BAD95 /* Pods-eShopApp.debug.xcconfig */;
			buildSettings = {
				ASSETCATALOG_COMPILER_APPICON_NAME = AppIcon;
				ASSETCATALOG_COMPILER_GLOBAL_ACCENT_COLOR_NAME = AccentColor;
				CODE_SIGN_STYLE = Automatic;
				DEVELOPMENT_TEAM = Z839S848GQ;
				INFOPLIST_FILE = eShopApp/Info.plist;
				IPHONEOS_DEPLOYMENT_TARGET = 12.1;
				LD_RUNPATH_SEARCH_PATHS = (
					"$(inherited)",
					"@executable_path/Frameworks",
				);
				PRODUCT_BUNDLE_IDENTIFIER = com.vankhanhvuong.DemoUI.eShopApp;
				PRODUCT_NAME = "$(TARGET_NAME)";
				SWIFT_VERSION = 5.0;
				TARGETED_DEVICE_FAMILY = "1,2";
			};
			name = Debug;
		};
		66E576AF2652598000C767AB /* Release */ = {
			isa = XCBuildConfiguration;
			baseConfigurationReference = 093D8159D3EFCD5E0895355F /* Pods-eShopApp.release.xcconfig */;
			buildSettings = {
				ASSETCATALOG_COMPILER_APPICON_NAME = AppIcon;
				ASSETCATALOG_COMPILER_GLOBAL_ACCENT_COLOR_NAME = AccentColor;
				CODE_SIGN_STYLE = Automatic;
				DEVELOPMENT_TEAM = Z839S848GQ;
				INFOPLIST_FILE = eShopApp/Info.plist;
				IPHONEOS_DEPLOYMENT_TARGET = 12.1;
				LD_RUNPATH_SEARCH_PATHS = (
					"$(inherited)",
					"@executable_path/Frameworks",
				);
				PRODUCT_BUNDLE_IDENTIFIER = com.vankhanhvuong.DemoUI.eShopApp;
				PRODUCT_NAME = "$(TARGET_NAME)";
				SWIFT_VERSION = 5.0;
				TARGETED_DEVICE_FAMILY = "1,2";
			};
			name = Release;
		};
/* End XCBuildConfiguration section */

/* Begin XCConfigurationList section */
		66E576942652597E00C767AB /* Build configuration list for PBXProject "eShopApp" */ = {
			isa = XCConfigurationList;
			buildConfigurations = (
				66E576AB2652598000C767AB /* Debug */,
				66E576AC2652598000C767AB /* Release */,
			);
			defaultConfigurationIsVisible = 0;
			defaultConfigurationName = Release;
		};
		66E576AD2652598000C767AB /* Build configuration list for PBXNativeTarget "eShopApp" */ = {
			isa = XCConfigurationList;
			buildConfigurations = (
				66E576AE2652598000C767AB /* Debug */,
				66E576AF2652598000C767AB /* Release */,
			);
			defaultConfigurationIsVisible = 0;
			defaultConfigurationName = Release;
		};
/* End XCConfigurationList section */
	};
	rootObject = 66E576912652597E00C767AB /* Project object */;
}
